
Microsoft Visual Studio Solution File, Format Version 12.00
# Visual Studio Version 17
VisualStudioVersion = 17.10.35122.118
MinimumVisualStudioVersion = 10.0.40219.1
Project("{9A19103F-16F7-4668-BE54-9A1E7A4F7556}") = "JellyfinDiscordAuth", "JellyfinDiscordAuth\JellyfinDiscordAuth.csproj", "{9ADAF724-36CD-4050-91DB-5F8F9A8213B4}"
EndProject
Global
	GlobalSection(SolutionConfigurationPlatforms) = preSolution
		Debug|Any CPU = Debug|Any CPU
		Release|Any CPU = Release|Any CPU
	EndGlobalSection
	GlobalSection(ProjectConfigurationPlatforms) = postSolution
		{9ADAF724-36CD-4050-91DB-5F8F9A8213B4}.Debug|Any CPU.ActiveCfg = Debug|Any CPU
		{9ADAF724-36CD-4050-91DB-5F8F9A8213B4}.Debug|Any CPU.Build.0 = Debug|Any CPU
		{9ADAF724-36CD-4050-91DB-5F8F9A8213B4}.Release|Any CPU.ActiveCfg = Release|Any CPU
		{9ADAF724-36CD-4050-91DB-5F8F9A8213B4}.Release|Any CPU.Build.0 = Release|Any CPU
	EndGlobalSection
	GlobalSection(SolutionProperties) = preSolution
		HideSolutionNode = FALSE
	EndGlobalSection
	GlobalSection(ExtensibilityGlobals) = postSolution
		SolutionGuid = {A0DB8943-B787-40C3-A1B1-309C662D2F0F}
	EndGlobalSection
EndGlobal
